
Microsoft Visual Studio Solution File, Format Version 12.00
# Visual Studio Version 16
VisualStudioVersion = 16.0.30804.86
MinimumVisualStudioVersion = 10.0.40219.1
Project("{FAE04EC0-301F-11D3-BF4B-00C04F79EFBC}") = "Laundry System Project", "Laundry System Project.csproj", "{5B2B793C-F361-456A-966C-BB8D7D083F7F}"
EndProject
Global
	GlobalSection(SolutionConfigurationPlatforms) = preSolution
		Debug|Any CPU = Debug|Any CPU
		Release|Any CPU = Release|Any CPU
	EndGlobalSection
	GlobalSection(ProjectConfigurationPlatforms) = postSolution
		{5B2B793C-F361-456A-966C-BB8D7D083F7F}.Debug|Any CPU.ActiveCfg = Debug|Any CPU
		{5B2B793C-F361-456A-966C-BB8D7D083F7F}.Debug|Any CPU.Build.0 = Debug|Any CPU
		{5B2B793C-F361-456A-966C-BB8D7D083F7F}.Release|Any CPU.ActiveCfg = Release|Any CPU
		{5B2B793C-F361-456A-966C-BB8D7D083F7F}.Release|Any CPU.Build.0 = Release|Any CPU
	EndGlobalSection
	GlobalSection(SolutionProperties) = preSolution
		HideSolutionNode = FALSE
	EndGlobalSection
	GlobalSection(ExtensibilityGlobals) = postSolution
		SolutionGuid = {7237CE58-115A-46BC-9A2F-CFF5E51C679B}
	EndGlobalSection
EndGlobal
